// !$*UTF8*$!
{
	archiveVersion = 1;
	classes = {
	};
	objectVersion = 46;
	objects = {

/* Begin PBXBuildFile section */
		552135ED1D863D98002C6897 /* AppDelegate.swift in Sources */ = {isa = PBXBuildFile; fileRef = 552135EC1D863D98002C6897 /* AppDelegate.swift */; };
		552135EF1D863D98002C6897 /* ViewController.swift in Sources */ = {isa = PBXBuildFile; fileRef = 552135EE1D863D98002C6897 /* ViewController.swift */; };
		552135F21D863D98002C6897 /* Main.storyboard in Resources */ = {isa = PBXBuildFile; fileRef = 552135F01D863D98002C6897 /* Main.storyboard */; };
		552135F41D863D98002C6897 /* Assets.xcassets in Resources */ = {isa = PBXBuildFile; fileRef = 552135F31D863D98002C6897 /* Assets.xcassets */; };
		552135F71D863D98002C6897 /* LaunchScreen.storyboard in Resources */ = {isa = PBXBuildFile; fileRef = 552135F51D863D98002C6897 /* LaunchScreen.storyboard */; };
		552136021D863D98002C6897 /* StudySwiftTests.swift in Sources */ = {isa = PBXBuildFile; fileRef = 552136011D863D98002C6897 /* StudySwiftTests.swift */; };
		5521360D1D863D98002C6897 /* StudySwiftUITests.swift in Sources */ = {isa = PBXBuildFile; fileRef = 5521360C1D863D98002C6897 /* StudySwiftUITests.swift */; };
		552136211D863FEF002C6897 /* main.swift in Sources */ = {isa = PBXBuildFile; fileRef = 552136201D863FEF002C6897 /* main.swift */; };
		552136291D867E47002C6897 /* HttpRequest.m in Sources */ = {isa = PBXBuildFile; fileRef = 552136281D867E47002C6897 /* HttpRequest.m */; };
		55B61E9E1D8F859900710214 /* Person.swift in Sources */ = {isa = PBXBuildFile; fileRef = 55B61E9D1D8F859900710214 /* Person.swift */; };
		55B61EA61D8F884700710214 /* AppDelegate.swift in Sources */ = {isa = PBXBuildFile; fileRef = 55B61EA51D8F884700710214 /* AppDelegate.swift */; };
		55B61EA81D8F884700710214 /* ViewController.swift in Sources */ = {isa = PBXBuildFile; fileRef = 55B61EA71D8F884700710214 /* ViewController.swift */; };
		55B61EAB1D8F884700710214 /* Main.storyboard in Resources */ = {isa = PBXBuildFile; fileRef = 55B61EA91D8F884700710214 /* Main.storyboard */; };
		55B61EAD1D8F884700710214 /* Assets.xcassets in Resources */ = {isa = PBXBuildFile; fileRef = 55B61EAC1D8F884700710214 /* Assets.xcassets */; };
		55B61EB01D8F884700710214 /* LaunchScreen.storyboard in Resources */ = {isa = PBXBuildFile; fileRef = 55B61EAE1D8F884700710214 /* LaunchScreen.storyboard */; };
		55B61EBB1D8F884700710214 /* FoodTests.swift in Sources */ = {isa = PBXBuildFile; fileRef = 55B61EBA1D8F884700710214 /* FoodTests.swift */; };
		55B61EC61D8F884700710214 /* FoodUITests.swift in Sources */ = {isa = PBXBuildFile; fileRef = 55B61EC51D8F884700710214 /* FoodUITests.swift */; };
		55DCD0FF1D88EBB0006DEF15 /* SwiftTest.swift in Sources */ = {isa = PBXBuildFile; fileRef = 55DCD0FE1D88EBB0006DEF15 /* SwiftTest.swift */; };
/* End PBXBuildFile section */

/* Begin PBXContainerItemProxy section */
		552135FE1D863D98002C6897 /* PBXContainerItemProxy */ = {
			isa = PBXContainerItemProxy;
			containerPortal = 552135E11D863D98002C6897 /* Project object */;
			proxyType = 1;
			remoteGlobalIDString = 552135E81D863D98002C6897;
			remoteInfo = StudySwift;
		};
		552136091D863D98002C6897 /* PBXContainerItemProxy */ = {
			isa = PBXContainerItemProxy;
			containerPortal = 552135E11D863D98002C6897 /* Project object */;
			proxyType = 1;
			remoteGlobalIDString = 552135E81D863D98002C6897;
			remoteInfo = StudySwift;
		};
		55B61EB71D8F884700710214 /* PBXContainerItemProxy */ = {
			isa = PBXContainerItemProxy;
			containerPortal = 552135E11D863D98002C6897 /* Project object */;
			proxyType = 1;
			remoteGlobalIDString = 55B61EA21D8F884700710214;
			remoteInfo = Food;
		};
		55B61EC21D8F884700710214 /* PBXContainerItemProxy */ = {
			isa = PBXContainerItemProxy;
			containerPortal = 552135E11D863D98002C6897 /* Project object */;
			proxyType = 1;
			remoteGlobalIDString = 55B61EA21D8F884700710214;
			remoteInfo = Food;
		};
/* End PBXContainerItemProxy section */

/* Begin PBXCopyFilesBuildPhase section */
		5521361C1D863FEF002C6897 /* CopyFiles */ = {
			isa = PBXCopyFilesBuildPhase;
			buildActionMask = 2147483647;
			dstPath = /usr/share/man/man1/;
			dstSubfolderSpec = 0;
			files = (
			);
			runOnlyForDeploymentPostprocessing = 1;
		};
/* End PBXCopyFilesBuildPhase section */

/* Begin PBXFileReference section */
		552135E91D863D98002C6897 /* StudySwift.app */ = {isa = PBXFileReference; explicitFileType = wrapper.application; includeInIndex = 0; path = StudySwift.app; sourceTree = BUILT_PRODUCTS_DIR; };
		552135EC1D863D98002C6897 /* AppDelegate.swift */ = {isa = PBXFileReference; lastKnownFileType = sourcecode.swift; path = AppDelegate.swift; sourceTree = "<group>"; };
		552135EE1D863D98002C6897 /* ViewController.swift */ = {isa = PBXFileReference; lastKnownFileType = sourcecode.swift; path = ViewController.swift; sourceTree = "<group>"; };
		552135F11D863D98002C6897 /* Base */ = {isa = PBXFileReference; lastKnownFileType = file.storyboard; name = Base; path = Base.lproj/Main.storyboard; sourceTree = "<group>"; };
		552135F31D863D98002C6897 /* Assets.xcassets */ = {isa = PBXFileReference; lastKnownFileType = folder.assetcatalog; path = Assets.xcassets; sourceTree = "<group>"; };
		552135F61D863D98002C6897 /* Base */ = {isa = PBXFileReference; lastKnownFileType = file.storyboard; name = Base; path = Base.lproj/LaunchScreen.storyboard; sourceTree = "<group>"; };
		552135F81D863D98002C6897 /* Info.plist */ = {isa = PBXFileReference; lastKnownFileType = text.plist.xml; path = Info.plist; sourceTree = "<group>"; };
		552135FD1D863D98002C6897 /* StudySwiftTests.xctest */ = {isa = PBXFileReference; explicitFileType = wrapper.cfbundle; includeInIndex = 0; path = StudySwiftTests.xctest; sourceTree = BUILT_PRODUCTS_DIR; };
		552136011D863D98002C6897 /* StudySwiftTests.swift */ = {isa = PBXFileReference; lastKnownFileType = sourcecode.swift; path = StudySwiftTests.swift; sourceTree = "<group>"; };
		552136031D863D98002C6897 /* Info.plist */ = {isa = PBXFileReference; lastKnownFileType = text.plist.xml; path = Info.plist; sourceTree = "<group>"; };
		552136081D863D98002C6897 /* StudySwiftUITests.xctest */ = {isa = PBXFileReference; explicitFileType = wrapper.cfbundle; includeInIndex = 0; path = StudySwiftUITests.xctest; sourceTree = BUILT_PRODUCTS_DIR; };
		5521360C1D863D98002C6897 /* StudySwiftUITests.swift */ = {isa = PBXFileReference; lastKnownFileType = sourcecode.swift; path = StudySwiftUITests.swift; sourceTree = "<group>"; };
		5521360E1D863D98002C6897 /* Info.plist */ = {isa = PBXFileReference; lastKnownFileType = text.plist.xml; path = Info.plist; sourceTree = "<group>"; };
		5521361E1D863FEF002C6897 /* BaseDataType */ = {isa = PBXFileReference; explicitFileType = "compiled.mach-o.executable"; includeInIndex = 0; path = BaseDataType; sourceTree = BUILT_PRODUCTS_DIR; };
		552136201D863FEF002C6897 /* main.swift */ = {isa = PBXFileReference; lastKnownFileType = sourcecode.swift; path = main.swift; sourceTree = "<group>"; };
		552136251D864007002C6897 /* swift 基础 */ = {isa = PBXFileReference; fileEncoding = 4; lastKnownFileType = text; path = "swift 基础"; sourceTree = "<group>"; };
		552136261D867E46002C6897 /* BaseDataType-Bridging-Header.h */ = {isa = PBXFileReference; lastKnownFileType = sourcecode.c.h; path = "BaseDataType-Bridging-Header.h"; sourceTree = "<group>"; };
		552136271D867E47002C6897 /* HttpRequest.h */ = {isa = PBXFileReference; fileEncoding = 4; lastKnownFileType = sourcecode.c.h; path = HttpRequest.h; sourceTree = "<group>"; };
		552136281D867E47002C6897 /* HttpRequest.m */ = {isa = PBXFileReference; fileEncoding = 4; lastKnownFileType = sourcecode.c.objc; path = HttpRequest.m; sourceTree = "<group>"; };
		55B61E9D1D8F859900710214 /* Person.swift */ = {isa = PBXFileReference; fileEncoding = 4; lastKnownFileType = sourcecode.swift; path = Person.swift; sourceTree = "<group>"; };
		55B61EA31D8F884700710214 /* Food.app */ = {isa = PBXFileReference; explicitFileType = wrapper.application; includeInIndex = 0; path = Food.app; sourceTree = BUILT_PRODUCTS_DIR; };
		55B61EA51D8F884700710214 /* AppDelegate.swift */ = {isa = PBXFileReference; lastKnownFileType = sourcecode.swift; path = AppDelegate.swift; sourceTree = "<group>"; };
		55B61EA71D8F884700710214 /* ViewController.swift */ = {isa = PBXFileReference; lastKnownFileType = sourcecode.swift; path = ViewController.swift; sourceTree = "<group>"; };
		55B61EAA1D8F884700710214 /* Base */ = {isa = PBXFileReference; lastKnownFileType = file.storyboard; name = Base; path = Base.lproj/Main.storyboard; sourceTree = "<group>"; };
		55B61EAC1D8F884700710214 /* Assets.xcassets */ = {isa = PBXFileReference; lastKnownFileType = folder.assetcatalog; path = Assets.xcassets; sourceTree = "<group>"; };
		55B61EAF1D8F884700710214 /* Base */ = {isa = PBXFileReference; lastKnownFileType = file.storyboard; name = Base; path = Base.lproj/LaunchScreen.storyboard; sourceTree = "<group>"; };
		55B61EB11D8F884700710214 /* Info.plist */ = {isa = PBXFileReference; lastKnownFileType = text.plist.xml; path = Info.plist; sourceTree = "<group>"; };
		55B61EB61D8F884700710214 /* FoodTests.xctest */ = {isa = PBXFileReference; explicitFileType = wrapper.cfbundle; includeInIndex = 0; path = FoodTests.xctest; sourceTree = BUILT_PRODUCTS_DIR; };
		55B61EBA1D8F884700710214 /* FoodTests.swift */ = {isa = PBXFileReference; lastKnownFileType = sourcecode.swift; path = FoodTests.swift; sourceTree = "<group>"; };
		55B61EBC1D8F884700710214 /* Info.plist */ = {isa = PBXFileReference; lastKnownFileType = text.plist.xml; path = Info.plist; sourceTree = "<group>"; };
		55B61EC11D8F884700710214 /* FoodUITests.xctest */ = {isa = PBXFileReference; explicitFileType = wrapper.cfbundle; includeInIndex = 0; path = FoodUITests.xctest; sourceTree = BUILT_PRODUCTS_DIR; };
		55B61EC51D8F884700710214 /* FoodUITests.swift */ = {isa = PBXFileReference; lastKnownFileType = sourcecode.swift; path = FoodUITests.swift; sourceTree = "<group>"; };
		55B61EC71D8F884700710214 /* Info.plist */ = {isa = PBXFileReference; lastKnownFileType = text.plist.xml; path = Info.plist; sourceTree = "<group>"; };
		55DCD0FE1D88EBB0006DEF15 /* SwiftTest.swift */ = {isa = PBXFileReference; fileEncoding = 4; lastKnownFileType = sourcecode.swift; path = SwiftTest.swift; sourceTree = "<group>"; };
/* End PBXFileReference section */

/* Begin PBXFrameworksBuildPhase section */
		552135E61D863D98002C6897 /* Frameworks */ = {
			isa = PBXFrameworksBuildPhase;
			buildActionMask = 2147483647;
			files = (
			);
			runOnlyForDeploymentPostprocessing = 0;
		};
		552135FA1D863D98002C6897 /* Frameworks */ = {
			isa = PBXFrameworksBuildPhase;
			buildActionMask = 2147483647;
			files = (
			);
			runOnlyForDeploymentPostprocessing = 0;
		};
		552136051D863D98002C6897 /* Frameworks */ = {
			isa = PBXFrameworksBuildPhase;
			buildActionMask = 2147483647;
			files = (
			);
			runOnlyForDeploymentPostprocessing = 0;
		};
		5521361B1D863FEF002C6897 /* Frameworks */ = {
			isa = PBXFrameworksBuildPhase;
			buildActionMask = 2147483647;
			files = (
			);
			runOnlyForDeploymentPostprocessing = 0;
		};
		55B61EA01D8F884700710214 /* Frameworks */ = {
			isa = PBXFrameworksBuildPhase;
			buildActionMask = 2147483647;
			files = (
			);
			runOnlyForDeploymentPostprocessing = 0;
		};
		55B61EB31D8F884700710214 /* Frameworks */ = {
			isa = PBXFrameworksBuildPhase;
			buildActionMask = 2147483647;
			files = (
			);
			runOnlyForDeploymentPostprocessing = 0;
		};
		55B61EBE1D8F884700710214 /* Frameworks */ = {
			isa = PBXFrameworksBuildPhase;
			buildActionMask = 2147483647;
			files = (
			);
			runOnlyForDeploymentPostprocessing = 0;
		};
/* End PBXFrameworksBuildPhase section */

/* Begin PBXGroup section */
		552135E01D863D98002C6897 = {
			isa = PBXGroup;
			children = (
				552135EB1D863D98002C6897 /* StudySwift */,
				552136001D863D98002C6897 /* StudySwiftTests */,
				5521360B1D863D98002C6897 /* StudySwiftUITests */,
				5521361F1D863FEF002C6897 /* BaseDataType */,
				55B61EA41D8F884700710214 /* Food */,
				55B61EB91D8F884700710214 /* FoodTests */,
				55B61EC41D8F884700710214 /* FoodUITests */,
				552135EA1D863D98002C6897 /* Products */,
			);
			sourceTree = "<group>";
		};
		552135EA1D863D98002C6897 /* Products */ = {
			isa = PBXGroup;
			children = (
				552135E91D863D98002C6897 /* StudySwift.app */,
				552135FD1D863D98002C6897 /* StudySwiftTests.xctest */,
				552136081D863D98002C6897 /* StudySwiftUITests.xctest */,
				5521361E1D863FEF002C6897 /* BaseDataType */,
				55B61EA31D8F884700710214 /* Food.app */,
				55B61EB61D8F884700710214 /* FoodTests.xctest */,
				55B61EC11D8F884700710214 /* FoodUITests.xctest */,
			);
			name = Products;
			sourceTree = "<group>";
		};
		552135EB1D863D98002C6897 /* StudySwift */ = {
			isa = PBXGroup;
			children = (
				552135EC1D863D98002C6897 /* AppDelegate.swift */,
				552135EE1D863D98002C6897 /* ViewController.swift */,
				552135F01D863D98002C6897 /* Main.storyboard */,
				552135F31D863D98002C6897 /* Assets.xcassets */,
				552135F51D863D98002C6897 /* LaunchScreen.storyboard */,
				552135F81D863D98002C6897 /* Info.plist */,
			);
			path = StudySwift;
			sourceTree = "<group>";
		};
		552136001D863D98002C6897 /* StudySwiftTests */ = {
			isa = PBXGroup;
			children = (
				552136011D863D98002C6897 /* StudySwiftTests.swift */,
				552136031D863D98002C6897 /* Info.plist */,
			);
			path = StudySwiftTests;
			sourceTree = "<group>";
		};
		5521360B1D863D98002C6897 /* StudySwiftUITests */ = {
			isa = PBXGroup;
			children = (
				5521360C1D863D98002C6897 /* StudySwiftUITests.swift */,
				5521360E1D863D98002C6897 /* Info.plist */,
			);
			path = StudySwiftUITests;
			sourceTree = "<group>";
		};
		5521361F1D863FEF002C6897 /* BaseDataType */ = {
			isa = PBXGroup;
			children = (
				55B61E9C1D8F805B00710214 /* 面向对象的学习 */,
				552136201D863FEF002C6897 /* main.swift */,
				552136251D864007002C6897 /* swift 基础 */,
				552136271D867E47002C6897 /* HttpRequest.h */,
				552136281D867E47002C6897 /* HttpRequest.m */,
				552136261D867E46002C6897 /* BaseDataType-Bridging-Header.h */,
				55DCD0FE1D88EBB0006DEF15 /* SwiftTest.swift */,
			);
			path = BaseDataType;
			sourceTree = "<group>";
		};
		55B61E9C1D8F805B00710214 /* 面向对象的学习 */ = {
			isa = PBXGroup;
			children = (
				55B61E9D1D8F859900710214 /* Person.swift */,
			);
			name = "面向对象的学习";
			sourceTree = "<group>";
		};
		55B61EA41D8F884700710214 /* Food */ = {
			isa = PBXGroup;
			children = (
				55B61EA51D8F884700710214 /* AppDelegate.swift */,
				55B61EA71D8F884700710214 /* ViewController.swift */,
				55B61EA91D8F884700710214 /* Main.storyboard */,
				55B61EAC1D8F884700710214 /* Assets.xcassets */,
				55B61EAE1D8F884700710214 /* LaunchScreen.storyboard */,
				55B61EB11D8F884700710214 /* Info.plist */,
			);
			path = Food;
			sourceTree = "<group>";
		};
		55B61EB91D8F884700710214 /* FoodTests */ = {
			isa = PBXGroup;
			children = (
				55B61EBA1D8F884700710214 /* FoodTests.swift */,
				55B61EBC1D8F884700710214 /* Info.plist */,
			);
			path = FoodTests;
			sourceTree = "<group>";
		};
		55B61EC41D8F884700710214 /* FoodUITests */ = {
			isa = PBXGroup;
			children = (
				55B61EC51D8F884700710214 /* FoodUITests.swift */,
				55B61EC71D8F884700710214 /* Info.plist */,
			);
			path = FoodUITests;
			sourceTree = "<group>";
		};
/* End PBXGroup section */

/* Begin PBXNativeTarget section */
		552135E81D863D98002C6897 /* StudySwift */ = {
			isa = PBXNativeTarget;
			buildConfigurationList = 552136111D863D98002C6897 /* Build configuration list for PBXNativeTarget "StudySwift" */;
			buildPhases = (
				552135E51D863D98002C6897 /* Sources */,
				552135E61D863D98002C6897 /* Frameworks */,
				552135E71D863D98002C6897 /* Resources */,
			);
			buildRules = (
			);
			dependencies = (
			);
			name = StudySwift;
			productName = StudySwift;
			productReference = 552135E91D863D98002C6897 /* StudySwift.app */;
			productType = "com.apple.product-type.application";
		};
		552135FC1D863D98002C6897 /* StudySwiftTests */ = {
			isa = PBXNativeTarget;
			buildConfigurationList = 552136141D863D98002C6897 /* Build configuration list for PBXNativeTarget "StudySwiftTests" */;
			buildPhases = (
				552135F91D863D98002C6897 /* Sources */,
				552135FA1D863D98002C6897 /* Frameworks */,
				552135FB1D863D98002C6897 /* Resources */,
			);
			buildRules = (
			);
			dependencies = (
				552135FF1D863D98002C6897 /* PBXTargetDependency */,
			);
			name = StudySwiftTests;
			productName = StudySwiftTests;
			productReference = 552135FD1D863D98002C6897 /* StudySwiftTests.xctest */;
			productType = "com.apple.product-type.bundle.unit-test";
		};
		552136071D863D98002C6897 /* StudySwiftUITests */ = {
			isa = PBXNativeTarget;
			buildConfigurationList = 552136171D863D98002C6897 /* Build configuration list for PBXNativeTarget "StudySwiftUITests" */;
			buildPhases = (
				552136041D863D98002C6897 /* Sources */,
				552136051D863D98002C6897 /* Frameworks */,
				552136061D863D98002C6897 /* Resources */,
			);
			buildRules = (
			);
			dependencies = (
				5521360A1D863D98002C6897 /* PBXTargetDependency */,
			);
			name = StudySwiftUITests;
			productName = StudySwiftUITests;
			productReference = 552136081D863D98002C6897 /* StudySwiftUITests.xctest */;
			productType = "com.apple.product-type.bundle.ui-testing";
		};
		5521361D1D863FEF002C6897 /* BaseDataType */ = {
			isa = PBXNativeTarget;
			buildConfigurationList = 552136221D863FEF002C6897 /* Build configuration list for PBXNativeTarget "BaseDataType" */;
			buildPhases = (
				5521361A1D863FEF002C6897 /* Sources */,
				5521361B1D863FEF002C6897 /* Frameworks */,
				5521361C1D863FEF002C6897 /* CopyFiles */,
			);
			buildRules = (
			);
			dependencies = (
			);
			name = BaseDataType;
			productName = BaseDataType;
			productReference = 5521361E1D863FEF002C6897 /* BaseDataType */;
			productType = "com.apple.product-type.tool";
		};
		55B61EA21D8F884700710214 /* Food */ = {
			isa = PBXNativeTarget;
			buildConfigurationList = 55B61EC81D8F884700710214 /* Build configuration list for PBXNativeTarget "Food" */;
			buildPhases = (
				55B61E9F1D8F884700710214 /* Sources */,
				55B61EA01D8F884700710214 /* Frameworks */,
				55B61EA11D8F884700710214 /* Resources */,
			);
			buildRules = (
			);
			dependencies = (
			);
			name = Food;
			productName = Food;
			productReference = 55B61EA31D8F884700710214 /* Food.app */;
			productType = "com.apple.product-type.application";
		};
		55B61EB51D8F884700710214 /* FoodTests */ = {
			isa = PBXNativeTarget;
			buildConfigurationList = 55B61ECB1D8F884700710214 /* Build configuration list for PBXNativeTarget "FoodTests" */;
			buildPhases = (
				55B61EB21D8F884700710214 /* Sources */,
				55B61EB31D8F884700710214 /* Frameworks */,
				55B61EB41D8F884700710214 /* Resources */,
			);
			buildRules = (
			);
			dependencies = (
				55B61EB81D8F884700710214 /* PBXTargetDependency */,
			);
			name = FoodTests;
			productName = FoodTests;
			productReference = 55B61EB61D8F884700710214 /* FoodTests.xctest */;
			productType = "com.apple.product-type.bundle.unit-test";
		};
		55B61EC01D8F884700710214 /* FoodUITests */ = {
			isa = PBXNativeTarget;
			buildConfigurationList = 55B61ECE1D8F884700710214 /* Build configuration list for PBXNativeTarget "FoodUITests" */;
			buildPhases = (
				55B61EBD1D8F884700710214 /* Sources */,
				55B61EBE1D8F884700710214 /* Frameworks */,
				55B61EBF1D8F884700710214 /* Resources */,
			);
			buildRules = (
			);
			dependencies = (
				55B61EC31D8F884700710214 /* PBXTargetDependency */,
			);
			name = FoodUITests;
			productName = FoodUITests;
			productReference = 55B61EC11D8F884700710214 /* FoodUITests.xctest */;
			productType = "com.apple.product-type.bundle.ui-testing";
		};
/* End PBXNativeTarget section */

/* Begin PBXProject section */
		552135E11D863D98002C6897 /* Project object */ = {
			isa = PBXProject;
			attributes = {
				LastSwiftUpdateCheck = 0730;
				LastUpgradeCheck = 0730;
				ORGANIZATIONNAME = xiuer;
				TargetAttributes = {
					552135E81D863D98002C6897 = {
						CreatedOnToolsVersion = 7.3;
						DevelopmentTeam = 892L9MWRRG;
					};
					552135FC1D863D98002C6897 = {
						CreatedOnToolsVersion = 7.3;
						DevelopmentTeam = 892L9MWRRG;
						TestTargetID = 552135E81D863D98002C6897;
					};
					552136071D863D98002C6897 = {
						CreatedOnToolsVersion = 7.3;
						DevelopmentTeam = 892L9MWRRG;
						TestTargetID = 552135E81D863D98002C6897;
					};
					5521361D1D863FEF002C6897 = {
						CreatedOnToolsVersion = 7.3;
					};
					55B61EA21D8F884700710214 = {
						CreatedOnToolsVersion = 7.3;
						DevelopmentTeam = 892L9MWRRG;
					};
					55B61EB51D8F884700710214 = {
						CreatedOnToolsVersion = 7.3;
						DevelopmentTeam = 892L9MWRRG;
						TestTargetID = 55B61EA21D8F884700710214;
					};
					55B61EC01D8F884700710214 = {
						CreatedOnToolsVersion = 7.3;
						DevelopmentTeam = 892L9MWRRG;
						TestTargetID = 55B61EA21D8F884700710214;
					};
				};
			};
			buildConfigurationList = 552135E41D863D98002C6897 /* Build configuration list for PBXProject "StudySwift" */;
			compatibilityVersion = "Xcode 3.2";
			developmentRegion = English;
			hasScannedForEncodings = 0;
			knownRegions = (
				en,
				Base,
			);
			mainGroup = 552135E01D863D98002C6897;
			productRefGroup = 552135EA1D863D98002C6897 /* Products */;
			projectDirPath = "";
			projectRoot = "";
			targets = (
				552135E81D863D98002C6897 /* StudySwift */,
				552135FC1D863D98002C6897 /* StudySwiftTests */,
				552136071D863D98002C6897 /* StudySwiftUITests */,
				5521361D1D863FEF002C6897 /* BaseDataType */,
				55B61EA21D8F884700710214 /* Food */,
				55B61EB51D8F884700710214 /* FoodTests */,
				55B61EC01D8F884700710214 /* FoodUITests */,
			);
		};
/* End PBXProject section */

/* Begin PBXResourcesBuildPhase section */
		552135E71D863D98002C6897 /* Resources */ = {
			isa = PBXResourcesBuildPhase;
			buildActionMask = 2147483647;
			files = (
				552135F71D863D98002C6897 /* LaunchScreen.storyboard in Resources */,
				552135F41D863D98002C6897 /* Assets.xcassets in Resources */,
				552135F21D863D98002C6897 /* Main.storyboard in Resources */,
			);
			runOnlyForDeploymentPostprocessing = 0;
		};
		552135FB1D863D98002C6897 /* Resources */ = {
			isa = PBXResourcesBuildPhase;
			buildActionMask = 2147483647;
			files = (
			);
			runOnlyForDeploymentPostprocessing = 0;
		};
		552136061D863D98002C6897 /* Resources */ = {
			isa = PBXResourcesBuildPhase;
			buildActionMask = 2147483647;
			files = (
			);
			runOnlyForDeploymentPostprocessing = 0;
		};
		55B61EA11D8F884700710214 /* Resources */ = {
			isa = PBXResourcesBuildPhase;
			buildActionMask = 2147483647;
			files = (
				55B61EB01D8F884700710214 /* LaunchScreen.storyboard in Resources */,
				55B61EAD1D8F884700710214 /* Assets.xcassets in Resources */,
				55B61EAB1D8F884700710214 /* Main.storyboard in Resources */,
			);
			runOnlyForDeploymentPostprocessing = 0;
		};
		55B61EB41D8F884700710214 /* Resources */ = {
			isa = PBXResourcesBuildPhase;
			buildActionMask = 2147483647;
			files = (
			);
			runOnlyForDeploymentPostprocessing = 0;
		};
		55B61EBF1D8F884700710214 /* Resources */ = {
			isa = PBXResourcesBuildPhase;
			buildActionMask = 2147483647;
			files = (
			);
			runOnlyForDeploymentPostprocessing = 0;
		};
/* End PBXResourcesBuildPhase section */

/* Begin PBXSourcesBuildPhase section */
		552135E51D863D98002C6897 /* Sources */ = {
			isa = PBXSourcesBuildPhase;
			buildActionMask = 2147483647;
			files = (
				552135EF1D863D98002C6897 /* ViewController.swift in Sources */,
				552135ED1D863D98002C6897 /* AppDelegate.swift in Sources */,
			);
			runOnlyForDeploymentPostprocessing = 0;
		};
		552135F91D863D98002C6897 /* Sources */ = {
			isa = PBXSourcesBuildPhase;
			buildActionMask = 2147483647;
			files = (
				552136021D863D98002C6897 /* StudySwiftTests.swift in Sources */,
			);
			runOnlyForDeploymentPostprocessing = 0;
		};
		552136041D863D98002C6897 /* Sources */ = {
			isa = PBXSourcesBuildPhase;
			buildActionMask = 2147483647;
			files = (
				5521360D1D863D98002C6897 /* StudySwiftUITests.swift in Sources */,
			);
			runOnlyForDeploymentPostprocessing = 0;
		};
		5521361A1D863FEF002C6897 /* Sources */ = {
			isa = PBXSourcesBuildPhase;
			buildActionMask = 2147483647;
			files = (
				55DCD0FF1D88EBB0006DEF15 /* SwiftTest.swift in Sources */,
				552136211D863FEF002C6897 /* main.swift in Sources */,
				55B61E9E1D8F859900710214 /* Person.swift in Sources */,
				552136291D867E47002C6897 /* HttpRequest.m in Sources */,
			);
			runOnlyForDeploymentPostprocessing = 0;
		};
		55B61E9F1D8F884700710214 /* Sources */ = {
			isa = PBXSourcesBuildPhase;
			buildActionMask = 2147483647;
			files = (
				55B61EA81D8F884700710214 /* ViewController.swift in Sources */,
				55B61EA61D8F884700710214 /* AppDelegate.swift in Sources */,
			);
			runOnlyForDeploymentPostprocessing = 0;
		};
		55B61EB21D8F884700710214 /* Sources */ = {
			isa = PBXSourcesBuildPhase;
			buildActionMask = 2147483647;
			files = (
				55B61EBB1D8F884700710214 /* FoodTests.swift in Sources */,
			);
			runOnlyForDeploymentPostprocessing = 0;
		};
		55B61EBD1D8F884700710214 /* Sources */ = {
			isa = PBXSourcesBuildPhase;
			buildActionMask = 2147483647;
			files = (
				55B61EC61D8F884700710214 /* FoodUITests.swift in Sources */,
			);
			runOnlyForDeploymentPostprocessing = 0;
		};
/* End PBXSourcesBuildPhase section */

/* Begin PBXTargetDependency section */
		552135FF1D863D98002C6897 /* PBXTargetDependency */ = {
			isa = PBXTargetDependency;
			target = 552135E81D863D98002C6897 /* StudySwift */;
			targetProxy = 552135FE1D863D98002C6897 /* PBXContainerItemProxy */;
		};
		5521360A1D863D98002C6897 /* PBXTargetDependency */ = {
			isa = PBXTargetDependency;
			target = 552135E81D863D98002C6897 /* StudySwift */;
			targetProxy = 552136091D863D98002C6897 /* PBXContainerItemProxy */;
		};
		55B61EB81D8F884700710214 /* PBXTargetDependency */ = {
			isa = PBXTargetDependency;
			target = 55B61EA21D8F884700710214 /* Food */;
			targetProxy = 55B61EB71D8F884700710214 /* PBXContainerItemProxy */;
		};
		55B61EC31D8F884700710214 /* PBXTargetDependency */ = {
			isa = PBXTargetDependency;
			target = 55B61EA21D8F884700710214 /* Food */;
			targetProxy = 55B61EC21D8F884700710214 /* PBXContainerItemProxy */;
		};
/* End PBXTargetDependency section */

/* Begin PBXVariantGroup section */
		552135F01D863D98002C6897 /* Main.storyboard */ = {
			isa = PBXVariantGroup;
			children = (
				552135F11D863D98002C6897 /* Base */,
			);
			name = Main.storyboard;
			sourceTree = "<group>";
		};
		552135F51D863D98002C6897 /* LaunchScreen.storyboard */ = {
			isa = PBXVariantGroup;
			children = (
				552135F61D863D98002C6897 /* Base */,
			);
			name = LaunchScreen.storyboard;
			sourceTree = "<group>";
		};
		55B61EA91D8F884700710214 /* Main.storyboard */ = {
			isa = PBXVariantGroup;
			children = (
				55B61EAA1D8F884700710214 /* Base */,
			);
			name = Main.storyboard;
			sourceTree = "<group>";
		};
		55B61EAE1D8F884700710214 /* LaunchScreen.storyboard */ = {
			isa = PBXVariantGroup;
			children = (
				55B61EAF1D8F884700710214 /* Base */,
			);
			name = LaunchScreen.storyboard;
			sourceTree = "<group>";
		};
/* End PBXVariantGroup section */

/* Begin XCBuildConfiguration section */
		5521360F1D863D98002C6897 /* Debug */ = {
			isa = XCBuildConfiguration;
			buildSettings = {
				ALWAYS_SEARCH_USER_PATHS = NO;
				CLANG_ANALYZER_NONNULL = YES;
				CLANG_CXX_LANGUAGE_STANDARD = "gnu++0x";
				CLANG_CXX_LIBRARY = "libc++";
				CLANG_ENABLE_MODULES = YES;
				CLANG_ENABLE_OBJC_ARC = YES;
				CLANG_WARN_BOOL_CONVERSION = YES;
				CLANG_WARN_CONSTANT_CONVERSION = YES;
				CLANG_WARN_DIRECT_OBJC_ISA_USAGE = YES_ERROR;
				CLANG_WARN_EMPTY_BODY = YES;
				CLANG_WARN_ENUM_CONVERSION = YES;
				CLANG_WARN_INT_CONVERSION = YES;
				CLANG_WARN_OBJC_ROOT_CLASS = YES_ERROR;
				CLANG_WARN_UNREACHABLE_CODE = YES;
				CLANG_WARN__DUPLICATE_METHOD_MATCH = YES;
				"CODE_SIGN_IDENTITY[sdk=iphoneos*]" = "iPhone Developer";
				COPY_PHASE_STRIP = NO;
				DEBUG_INFORMATION_FORMAT = dwarf;
				ENABLE_STRICT_OBJC_MSGSEND = YES;
				ENABLE_TESTABILITY = YES;
				GCC_C_LANGUAGE_STANDARD = gnu99;
				GCC_DYNAMIC_NO_PIC = NO;
				GCC_NO_COMMON_BLOCKS = YES;
				GCC_OPTIMIZATION_LEVEL = 0;
				GCC_PREPROCESSOR_DEFINITIONS = (
					"DEBUG=1",
					"$(inherited)",
				);
				GCC_WARN_64_TO_32_BIT_CONVERSION = YES;
				GCC_WARN_ABOUT_RETURN_TYPE = YES_ERROR;
				GCC_WARN_UNDECLARED_SELECTOR = YES;
				GCC_WARN_UNINITIALIZED_AUTOS = YES_AGGRESSIVE;
				GCC_WARN_UNUSED_FUNCTION = YES;
				GCC_WARN_UNUSED_VARIABLE = YES;
				IPHONEOS_DEPLOYMENT_TARGET = 9.3;
				MTL_ENABLE_DEBUG_INFO = YES;
				ONLY_ACTIVE_ARCH = YES;
				SDKROOT = iphoneos;
				SWIFT_OPTIMIZATION_LEVEL = "-Onone";
				TARGETED_DEVICE_FAMILY = "1,2";
			};
			name = Debug;
		};
		552136101D863D98002C6897 /* Release */ = {
			isa = XCBuildConfiguration;
			buildSettings = {
				ALWAYS_SEARCH_USER_PATHS = NO;
				CLANG_ANALYZER_NONNULL = YES;
				CLANG_CXX_LANGUAGE_STANDARD = "gnu++0x";
				CLANG_CXX_LIBRARY = "libc++";
				CLANG_ENABLE_MODULES = YES;
				CLANG_ENABLE_OBJC_ARC = YES;
				CLANG_WARN_BOOL_CONVERSION = YES;
				CLANG_WARN_CONSTANT_CONVERSION = YES;
				CLANG_WARN_DIRECT_OBJC_ISA_USAGE = YES_ERROR;
				CLANG_WARN_EMPTY_BODY = YES;
				CLANG_WARN_ENUM_CONVERSION = YES;
				CLANG_WARN_INT_CONVERSION = YES;
				CLANG_WARN_OBJC_ROOT_CLASS = YES_ERROR;
				CLANG_WARN_UNREACHABLE_CODE = YES;
				CLANG_WARN__DUPLICATE_METHOD_MATCH = YES;
				"CODE_SIGN_IDENTITY[sdk=iphoneos*]" = "iPhone Developer";
				COPY_PHASE_STRIP = NO;
				DEBUG_INFORMATION_FORMAT = "dwarf-with-dsym";
				ENABLE_NS_ASSERTIONS = NO;
				ENABLE_STRICT_OBJC_MSGSEND = YES;
				GCC_C_LANGUAGE_STANDARD = gnu99;
				GCC_NO_COMMON_BLOCKS = YES;
				GCC_WARN_64_TO_32_BIT_CONVERSION = YES;
				GCC_WARN_ABOUT_RETURN_TYPE = YES_ERROR;
				GCC_WARN_UNDECLARED_SELECTOR = YES;
				GCC_WARN_UNINITIALIZED_AUTOS = YES_AGGRESSIVE;
				GCC_WARN_UNUSED_FUNCTION = YES;
				GCC_WARN_UNUSED_VARIABLE = YES;
				IPHONEOS_DEPLOYMENT_TARGET = 9.3;
				MTL_ENABLE_DEBUG_INFO = NO;
				SDKROOT = iphoneos;
				TARGETED_DEVICE_FAMILY = "1,2";
				VALIDATE_PRODUCT = YES;
			};
			name = Release;
		};
		552136121D863D98002C6897 /* Debug */ = {
			isa = XCBuildConfiguration;
			buildSettings = {
				ASSETCATALOG_COMPILER_APPICON_NAME = AppIcon;
				INFOPLIST_FILE = StudySwift/Info.plist;
				LD_RUNPATH_SEARCH_PATHS = "$(inherited) @executable_path/Frameworks";
				PRODUCT_BUNDLE_IDENTIFIER = com.org.StudySwift;
				PRODUCT_NAME = "$(TARGET_NAME)";
			};
			name = Debug;
		};
		552136131D863D98002C6897 /* Release */ = {
			isa = XCBuildConfiguration;
			buildSettings = {
				ASSETCATALOG_COMPILER_APPICON_NAME = AppIcon;
				INFOPLIST_FILE = StudySwift/Info.plist;
				LD_RUNPATH_SEARCH_PATHS = "$(inherited) @executable_path/Frameworks";
				PRODUCT_BUNDLE_IDENTIFIER = com.org.StudySwift;
				PRODUCT_NAME = "$(TARGET_NAME)";
			};
			name = Release;
		};
		552136151D863D98002C6897 /* Debug */ = {
			isa = XCBuildConfiguration;
			buildSettings = {
				BUNDLE_LOADER = "$(TEST_HOST)";
				INFOPLIST_FILE = StudySwiftTests/Info.plist;
				LD_RUNPATH_SEARCH_PATHS = "$(inherited) @executable_path/Frameworks @loader_path/Frameworks";
				PRODUCT_BUNDLE_IDENTIFIER = com.org.StudySwiftTests;
				PRODUCT_NAME = "$(TARGET_NAME)";
				TEST_HOST = "$(BUILT_PRODUCTS_DIR)/StudySwift.app/StudySwift";
			};
			name = Debug;
		};
		552136161D863D98002C6897 /* Release */ = {
			isa = XCBuildConfiguration;
			buildSettings = {
				BUNDLE_LOADER = "$(TEST_HOST)";
				INFOPLIST_FILE = StudySwiftTests/Info.plist;
				LD_RUNPATH_SEARCH_PATHS = "$(inherited) @executable_path/Frameworks @loader_path/Frameworks";
				PRODUCT_BUNDLE_IDENTIFIER = com.org.StudySwiftTests;
				PRODUCT_NAME = "$(TARGET_NAME)";
				TEST_HOST = "$(BUILT_PRODUCTS_DIR)/StudySwift.app/StudySwift";
			};
			name = Release;
		};
		552136181D863D98002C6897 /* Debug */ = {
			isa = XCBuildConfiguration;
			buildSettings = {
				INFOPLIST_FILE = StudySwiftUITests/Info.plist;
				LD_RUNPATH_SEARCH_PATHS = "$(inherited) @executable_path/Frameworks @loader_path/Frameworks";
				PRODUCT_BUNDLE_IDENTIFIER = com.org.StudySwiftUITests;
				PRODUCT_NAME = "$(TARGET_NAME)";
				TEST_TARGET_NAME = StudySwift;
			};
			name = Debug;
		};
		552136191D863D98002C6897 /* Release */ = {
			isa = XCBuildConfiguration;
			buildSettings = {
				INFOPLIST_FILE = StudySwiftUITests/Info.plist;
				LD_RUNPATH_SEARCH_PATHS = "$(inherited) @executable_path/Frameworks @loader_path/Frameworks";
				PRODUCT_BUNDLE_IDENTIFIER = com.org.StudySwiftUITests;
				PRODUCT_NAME = "$(TARGET_NAME)";
				TEST_TARGET_NAME = StudySwift;
			};
			name = Release;
		};
		552136231D863FEF002C6897 /* Debug */ = {
			isa = XCBuildConfiguration;
			buildSettings = {
				CLANG_ENABLE_MODULES = YES;
				CODE_SIGN_IDENTITY = "-";
				LD_RUNPATH_SEARCH_PATHS = "$(inherited) @executable_path/../Frameworks @loader_path/../Frameworks";
				MACOSX_DEPLOYMENT_TARGET = 10.11;
				PRODUCT_NAME = "$(TARGET_NAME)";
				SDKROOT = macosx;
				SWIFT_OBJC_BRIDGING_HEADER = "BaseDataType/BaseDataType-Bridging-Header.h";
				SWIFT_OPTIMIZATION_LEVEL = "-Onone";
			};
			name = Debug;
		};
		552136241D863FEF002C6897 /* Release */ = {
			isa = XCBuildConfiguration;
			buildSettings = {
				CLANG_ENABLE_MODULES = YES;
				CODE_SIGN_IDENTITY = "-";
				LD_RUNPATH_SEARCH_PATHS = "$(inherited) @executable_path/../Frameworks @loader_path/../Frameworks";
				MACOSX_DEPLOYMENT_TARGET = 10.11;
				PRODUCT_NAME = "$(TARGET_NAME)";
				SDKROOT = macosx;
				SWIFT_OBJC_BRIDGING_HEADER = "BaseDataType/BaseDataType-Bridging-Header.h";
			};
			name = Release;
		};
		55B61EC91D8F884700710214 /* Debug */ = {
			isa = XCBuildConfiguration;
			buildSettings = {
				ASSETCATALOG_COMPILER_APPICON_NAME = AppIcon;
				INFOPLIST_FILE = Food/Info.plist;
				LD_RUNPATH_SEARCH_PATHS = "$(inherited) @executable_path/Frameworks";
				PRODUCT_BUNDLE_IDENTIFIER = com.org.Food;
				PRODUCT_NAME = "$(TARGET_NAME)";
			};
			name = Debug;
		};
		55B61ECA1D8F884700710214 /* Release */ = {
			isa = XCBuildConfiguration;
			buildSettings = {
				ASSETCATALOG_COMPILER_APPICON_NAME = AppIcon;
				INFOPLIST_FILE = Food/Info.plist;
				LD_RUNPATH_SEARCH_PATHS = "$(inherited) @executable_path/Frameworks";
				PRODUCT_BUNDLE_IDENTIFIER = com.org.Food;
				PRODUCT_NAME = "$(TARGET_NAME)";
			};
			name = Release;
		};
		55B61ECC1D8F884700710214 /* Debug */ = {
			isa = XCBuildConfiguration;
			buildSettings = {
				BUNDLE_LOADER = "$(TEST_HOST)";
				INFOPLIST_FILE = FoodTests/Info.plist;
				LD_RUNPATH_SEARCH_PATHS = "$(inherited) @executable_path/Frameworks @loader_path/Frameworks";
				PRODUCT_BUNDLE_IDENTIFIER = com.org.FoodTests;
				PRODUCT_NAME = "$(TARGET_NAME)";
				TEST_HOST = "$(BUILT_PRODUCTS_DIR)/Food.app/Food";
			};
			name = Debug;
		};
		55B61ECD1D8F884700710214 /* Release */ = {
			isa = XCBuildConfiguration;
			buildSettings = {
				BUNDLE_LOADER = "$(TEST_HOST)";
				INFOPLIST_FILE = FoodTests/Info.plist;
				LD_RUNPATH_SEARCH_PATHS = "$(inherited) @executable_path/Frameworks @loader_path/Frameworks";
				PRODUCT_BUNDLE_IDENTIFIER = com.org.FoodTests;
				PRODUCT_NAME = "$(TARGET_NAME)";
				TEST_HOST = "$(BUILT_PRODUCTS_DIR)/Food.app/Food";
			};
			name = Release;
		};
		55B61ECF1D8F884700710214 /* Debug */ = {
			isa = XCBuildConfiguration;
			buildSettings = {
				INFOPLIST_FILE = FoodUITests/Info.plist;
				LD_RUNPATH_SEARCH_PATHS = "$(inherited) @executable_path/Frameworks @loader_path/Frameworks";
				PRODUCT_BUNDLE_IDENTIFIER = com.org.FoodUITests;
				PRODUCT_NAME = "$(TARGET_NAME)";
				TEST_TARGET_NAME = Food;
			};
			name = Debug;
		};
		55B61ED01D8F884700710214 /* Release */ = {
			isa = XCBuildConfiguration;
			buildSettings = {
				INFOPLIST_FILE = FoodUITests/Info.plist;
				LD_RUNPATH_SEARCH_PATHS = "$(inherited) @executable_path/Frameworks @loader_path/Frameworks";
				PRODUCT_BUNDLE_IDENTIFIER = com.org.FoodUITests;
				PRODUCT_NAME = "$(TARGET_NAME)";
				TEST_TARGET_NAME = Food;
			};
			name = Release;
		};
/* End XCBuildConfiguration section */

/* Begin XCConfigurationList section */
		552135E41D863D98002C6897 /* Build configuration list for PBXProject "StudySwift" */ = {
			isa = XCConfigurationList;
			buildConfigurations = (
				5521360F1D863D98002C6897 /* Debug */,
				552136101D863D98002C6897 /* Release */,
			);
			defaultConfigurationIsVisible = 0;
			defaultConfigurationName = Release;
		};
		552136111D863D98002C6897 /* Build configuration list for PBXNativeTarget "StudySwift" */ = {
			isa = XCConfigurationList;
			buildConfigurations = (
				552136121D863D98002C6897 /* Debug */,
				552136131D863D98002C6897 /* Release */,
			);
			defaultConfigurationIsVisible = 0;
			defaultConfigurationName = Release;
		};
		552136141D863D98002C6897 /* Build configuration list for PBXNativeTarget "StudySwiftTests" */ = {
			isa = XCConfigurationList;
			buildConfigurations = (
				552136151D863D98002C6897 /* Debug */,
				552136161D863D98002C6897 /* Release */,
			);
			defaultConfigurationIsVisible = 0;
			defaultConfigurationName = Release;
		};
		552136171D863D98002C6897 /* Build configuration list for PBXNativeTarget "StudySwiftUITests" */ = {
			isa = XCConfigurationList;
			buildConfigurations = (
				552136181D863D98002C6897 /* Debug */,
				552136191D863D98002C6897 /* Release */,
			);
			defaultConfigurationIsVisible = 0;
			defaultConfigurationName = Release;
		};
		552136221D863FEF002C6897 /* Build configuration list for PBXNativeTarget "BaseDataType" */ = {
			isa = XCConfigurationList;
			buildConfigurations = (
				552136231D863FEF002C6897 /* Debug */,
				552136241D863FEF002C6897 /* Release */,
			);
			defaultConfigurationIsVisible = 0;
			defaultConfigurationName = Release;
		};
		55B61EC81D8F884700710214 /* Build configuration list for PBXNativeTarget "Food" */ = {
			isa = XCConfigurationList;
			buildConfigurations = (
				55B61EC91D8F884700710214 /* Debug */,
				55B61ECA1D8F884700710214 /* Release */,
			);
			defaultConfigurationIsVisible = 0;
		};
		55B61ECB1D8F884700710214 /* Build configuration list for PBXNativeTarget "FoodTests" */ = {
			isa = XCConfigurationList;
			buildConfigurations = (
				55B61ECC1D8F884700710214 /* Debug */,
				55B61ECD1D8F884700710214 /* Release */,
			);
			defaultConfigurationIsVisible = 0;
		};
		55B61ECE1D8F884700710214 /* Build configuration list for PBXNativeTarget "FoodUITests" */ = {
			isa = XCConfigurationList;
			buildConfigurations = (
				55B61ECF1D8F884700710214 /* Debug */,
				55B61ED01D8F884700710214 /* Release */,
			);
			defaultConfigurationIsVisible = 0;
		};
/* End XCConfigurationList section */
	};
	rootObject = 552135E11D863D98002C6897 /* Project object */;
}
